
Microsoft Visual Studio Solution File, Format Version 12.00
# Visual Studio 14
VisualStudioVersion = 14.0.24720.0
MinimumVisualStudioVersion = 10.0.40219.1
Project("{FAE04EC0-301F-11D3-BF4B-00C04F79EFBC}") = "XamMvvmCrossMarvel.Droid", "XamMvvmCrossMarvel.Droid\XamMvvmCrossMarvel.Droid.csproj", "{A8EC6A13-70B0-4EC3-945D-A0A9053582D3}"
EndProject
Project("{FAE04EC0-301F-11D3-BF4B-00C04F79EFBC}") = "XamMvvmCorssMarvel.Core", "XamMvvmCorssMarvel.Core\XamMvvmCorssMarvel.Core.csproj", "{6A1824A3-8400-4241-8A21-DD35C36DD6A5}"
EndProject
Project("{FAE04EC0-301F-11D3-BF4B-00C04F79EFBC}") = "XamMvvmCrossMarvel.iOS", "XamMvvmCrossMarvel.iOS\XamMvvmCrossMarvel.iOS.csproj", "{CBA5596A-6E51-44E7-BA10-3ED4583A72A1}"
EndProject
Project("{2150E333-8FDC-42A3-9474-1A3956D46DE8}") = "XamMvvmCrossMarvel.Universal", "XamMvvmCrossMarvel.Universal", "{D51F228F-5FBC-4956-A3AE-660F845FB5B1}"
EndProject
Project("{D954291E-2A0B-460D-934E-DC6B0785DB48}") = "XamMvvmCrossMarvel.Universal.Shared", "XamMvvmCrossMarvel.Universal\XamMvvmCrossMarvel.Universal.Shared\XamMvvmCrossMarvel.Universal.Shared.shproj", "{B17864E2-6AA8-46D9-9458-DD189E92DED5}"
EndProject
Project("{FAE04EC0-301F-11D3-BF4B-00C04F79EFBC}") = "XamMvvmCrossMarvel.Universal.Windows", "XamMvvmCrossMarvel.Universal\XamMvvmCrossMarvel.Universal.Windows\XamMvvmCrossMarvel.Universal.Windows.csproj", "{FAD2967D-3375-45EB-A21B-6E763A7A0BA5}"
EndProject
Project("{FAE04EC0-301F-11D3-BF4B-00C04F79EFBC}") = "XamMvvmCrossMarvel.Universal.WindowsPhone", "XamMvvmCrossMarvel.Universal\XamMvvmCrossMarvel.Universal.WindowsPhone\XamMvvmCrossMarvel.Universal.WindowsPhone.csproj", "{01EDD48E-EB27-4F9A-9C7E-90516FCD6205}"
EndProject
Global
	GlobalSection(SharedMSBuildProjectFiles) = preSolution
		XamMvvmCrossMarvel.Universal\XamMvvmCrossMarvel.Universal.Shared\XamMvvmCrossMarvel.Universal.Shared.projitems*{fad2967d-3375-45eb-a21b-6e763a7a0ba5}*SharedItemsImports = 4
		XamMvvmCrossMarvel.Universal\XamMvvmCrossMarvel.Universal.Shared\XamMvvmCrossMarvel.Universal.Shared.projitems*{b17864e2-6aa8-46d9-9458-dd189e92ded5}*SharedItemsImports = 13
		XamMvvmCrossMarvel.Universal\XamMvvmCrossMarvel.Universal.Shared\XamMvvmCrossMarvel.Universal.Shared.projitems*{01edd48e-eb27-4f9a-9c7e-90516fcd6205}*SharedItemsImports = 4
	EndGlobalSection
	GlobalSection(SolutionConfigurationPlatforms) = preSolution
		Debug|Any CPU = Debug|Any CPU
		Debug|ARM = Debug|ARM
		Debug|iPhone = Debug|iPhone
		Debug|iPhoneSimulator = Debug|iPhoneSimulator
		Debug|x64 = Debug|x64
		Debug|x86 = Debug|x86
		Release|Any CPU = Release|Any CPU
		Release|ARM = Release|ARM
		Release|iPhone = Release|iPhone
		Release|iPhoneSimulator = Release|iPhoneSimulator
		Release|x64 = Release|x64
		Release|x86 = Release|x86
	EndGlobalSection
	GlobalSection(ProjectConfigurationPlatforms) = postSolution
		{A8EC6A13-70B0-4EC3-945D-A0A9053582D3}.Debug|Any CPU.ActiveCfg = Debug|Any CPU
		{A8EC6A13-70B0-4EC3-945D-A0A9053582D3}.Debug|Any CPU.Build.0 = Debug|Any CPU
		{A8EC6A13-70B0-4EC3-945D-A0A9053582D3}.Debug|Any CPU.Deploy.0 = Debug|Any CPU
		{A8EC6A13-70B0-4EC3-945D-A0A9053582D3}.Debug|ARM.ActiveCfg = Debug|Any CPU
		{A8EC6A13-70B0-4EC3-945D-A0A9053582D3}.Debug|ARM.Build.0 = Debug|Any CPU
		{A8EC6A13-70B0-4EC3-945D-A0A9053582D3}.Debug|ARM.Deploy.0 = Debug|Any CPU
		{A8EC6A13-70B0-4EC3-945D-A0A9053582D3}.Debug|iPhone.ActiveCfg = Debug|Any CPU
		{A8EC6A13-70B0-4EC3-945D-A0A9053582D3}.Debug|iPhone.Build.0 = Debug|Any CPU
		{A8EC6A13-70B0-4EC3-945D-A0A9053582D3}.Debug|iPhoneSimulator.ActiveCfg = Debug|Any CPU
		{A8EC6A13-70B0-4EC3-945D-A0A9053582D3}.Debug|iPhoneSimulator.Build.0 = Debug|Any CPU
		{A8EC6A13-70B0-4EC3-945D-A0A9053582D3}.Debug|x64.ActiveCfg = Debug|Any CPU
		{A8EC6A13-70B0-4EC3-945D-A0A9053582D3}.Debug|x64.Build.0 = Debug|Any CPU
		{A8EC6A13-70B0-4EC3-945D-A0A9053582D3}.Debug|x64.Deploy.0 = Debug|Any CPU
		{A8EC6A13-70B0-4EC3-945D-A0A9053582D3}.Debug|x86.ActiveCfg = Debug|Any CPU
		{A8EC6A13-70B0-4EC3-945D-A0A9053582D3}.Debug|x86.Build.0 = Debug|Any CPU
		{A8EC6A13-70B0-4EC3-945D-A0A9053582D3}.Debug|x86.Deploy.0 = Debug|Any CPU
		{A8EC6A13-70B0-4EC3-945D-A0A9053582D3}.Release|Any CPU.ActiveCfg = Release|Any CPU
		{A8EC6A13-70B0-4EC3-945D-A0A9053582D3}.Release|Any CPU.Build.0 = Release|Any CPU
		{A8EC6A13-70B0-4EC3-945D-A0A9053582D3}.Release|ARM.ActiveCfg = Release|Any CPU
		{A8EC6A13-70B0-4EC3-945D-A0A9053582D3}.Release|ARM.Build.0 = Release|Any CPU
		{A8EC6A13-70B0-4EC3-945D-A0A9053582D3}.Release|ARM.Deploy.0 = Release|Any CPU
		{A8EC6A13-70B0-4EC3-945D-A0A9053582D3}.Release|iPhone.ActiveCfg = Release|Any CPU
		{A8EC6A13-70B0-4EC3-945D-A0A9053582D3}.Release|iPhone.Build.0 = Release|Any CPU
		{A8EC6A13-70B0-4EC3-945D-A0A9053582D3}.Release|iPhoneSimulator.ActiveCfg = Release|Any CPU
		{A8EC6A13-70B0-4EC3-945D-A0A9053582D3}.Release|iPhoneSimulator.Build.0 = Release|Any CPU
		{A8EC6A13-70B0-4EC3-945D-A0A9053582D3}.Release|x64.ActiveCfg = Release|Any CPU
		{A8EC6A13-70B0-4EC3-945D-A0A9053582D3}.Release|x64.Build.0 = Release|Any CPU
		{A8EC6A13-70B0-4EC3-945D-A0A9053582D3}.Release|x64.Deploy.0 = Release|Any CPU
		{A8EC6A13-70B0-4EC3-945D-A0A9053582D3}.Release|x86.ActiveCfg = Release|Any CPU
		{A8EC6A13-70B0-4EC3-945D-A0A9053582D3}.Release|x86.Build.0 = Release|Any CPU
		{A8EC6A13-70B0-4EC3-945D-A0A9053582D3}.Release|x86.Deploy.0 = Release|Any CPU
		{6A1824A3-8400-4241-8A21-DD35C36DD6A5}.Debug|Any CPU.ActiveCfg = Debug|Any CPU
		{6A1824A3-8400-4241-8A21-DD35C36DD6A5}.Debug|Any CPU.Build.0 = Debug|Any CPU
		{6A1824A3-8400-4241-8A21-DD35C36DD6A5}.Debug|ARM.ActiveCfg = Debug|Any CPU
		{6A1824A3-8400-4241-8A21-DD35C36DD6A5}.Debug|ARM.Build.0 = Debug|Any CPU
		{6A1824A3-8400-4241-8A21-DD35C36DD6A5}.Debug|iPhone.ActiveCfg = Debug|Any CPU
		{6A1824A3-8400-4241-8A21-DD35C36DD6A5}.Debug|iPhone.Build.0 = Debug|Any CPU
		{6A1824A3-8400-4241-8A21-DD35C36DD6A5}.Debug|iPhoneSimulator.ActiveCfg = Debug|Any CPU
		{6A1824A3-8400-4241-8A21-DD35C36DD6A5}.Debug|iPhoneSimulator.Build.0 = Debug|Any CPU
		{6A1824A3-8400-4241-8A21-DD35C36DD6A5}.Debug|x64.ActiveCfg = Debug|Any CPU
		{6A1824A3-8400-4241-8A21-DD35C36DD6A5}.Debug|x64.Build.0 = Debug|Any CPU
		{6A1824A3-8400-4241-8A21-DD35C36DD6A5}.Debug|x86.ActiveCfg = Debug|Any CPU
		{6A1824A3-8400-4241-8A21-DD35C36DD6A5}.Debug|x86.Build.0 = Debug|Any CPU
		{6A1824A3-8400-4241-8A21-DD35C36DD6A5}.Release|Any CPU.ActiveCfg = Release|Any CPU
		{6A1824A3-8400-4241-8A21-DD35C36DD6A5}.Release|Any CPU.Build.0 = Release|Any CPU
		{6A1824A3-8400-4241-8A21-DD35C36DD6A5}.Release|ARM.ActiveCfg = Release|Any CPU
		{6A1824A3-8400-4241-8A21-DD35C36DD6A5}.Release|ARM.Build.0 = Release|Any CPU
		{6A1824A3-8400-4241-8A21-DD35C36DD6A5}.Release|iPhone.ActiveCfg = Release|Any CPU
		{6A1824A3-8400-4241-8A21-DD35C36DD6A5}.Release|iPhone.Build.0 = Release|Any CPU
		{6A1824A3-8400-4241-8A21-DD35C36DD6A5}.Release|iPhoneSimulator.ActiveCfg = Release|Any CPU
		{6A1824A3-8400-4241-8A21-DD35C36DD6A5}.Release|iPhoneSimulator.Build.0 = Release|Any CPU
		{6A1824A3-8400-4241-8A21-DD35C36DD6A5}.Release|x64.ActiveCfg = Release|Any CPU
		{6A1824A3-8400-4241-8A21-DD35C36DD6A5}.Release|x64.Build.0 = Release|Any CPU
		{6A1824A3-8400-4241-8A21-DD35C36DD6A5}.Release|x86.ActiveCfg = Release|Any CPU
		{6A1824A3-8400-4241-8A21-DD35C36DD6A5}.Release|x86.Build.0 = Release|Any CPU
		{CBA5596A-6E51-44E7-BA10-3ED4583A72A1}.Debug|Any CPU.ActiveCfg = Debug|iPhoneSimulator
		{CBA5596A-6E51-44E7-BA10-3ED4583A72A1}.Debug|Any CPU.Build.0 = Debug|iPhoneSimulator
		{CBA5596A-6E51-44E7-BA10-3ED4583A72A1}.Debug|ARM.ActiveCfg = Debug|iPhone
		{CBA5596A-6E51-44E7-BA10-3ED4583A72A1}.Debug|iPhone.ActiveCfg = Debug|iPhone
		{CBA5596A-6E51-44E7-BA10-3ED4583A72A1}.Debug|iPhone.Build.0 = Debug|iPhone
		{CBA5596A-6E51-44E7-BA10-3ED4583A72A1}.Debug|iPhoneSimulator.ActiveCfg = Debug|iPhoneSimulator
		{CBA5596A-6E51-44E7-BA10-3ED4583A72A1}.Debug|iPhoneSimulator.Build.0 = Debug|iPhoneSimulator
		{CBA5596A-6E51-44E7-BA10-3ED4583A72A1}.Debug|x64.ActiveCfg = Debug|iPhone
		{CBA5596A-6E51-44E7-BA10-3ED4583A72A1}.Debug|x86.ActiveCfg = Debug|iPhone
		{CBA5596A-6E51-44E7-BA10-3ED4583A72A1}.Release|Any CPU.ActiveCfg = Release|iPhone
		{CBA5596A-6E51-44E7-BA10-3ED4583A72A1}.Release|Any CPU.Build.0 = Release|iPhone
		{CBA5596A-6E51-44E7-BA10-3ED4583A72A1}.Release|ARM.ActiveCfg = Release|iPhoneSimulator
		{CBA5596A-6E51-44E7-BA10-3ED4583A72A1}.Release|iPhone.ActiveCfg = Release|iPhone
		{CBA5596A-6E51-44E7-BA10-3ED4583A72A1}.Release|iPhone.Build.0 = Release|iPhone
		{CBA5596A-6E51-44E7-BA10-3ED4583A72A1}.Release|iPhoneSimulator.ActiveCfg = Release|iPhoneSimulator
		{CBA5596A-6E51-44E7-BA10-3ED4583A72A1}.Release|iPhoneSimulator.Build.0 = Release|iPhoneSimulator
		{CBA5596A-6E51-44E7-BA10-3ED4583A72A1}.Release|x64.ActiveCfg = Release|iPhoneSimulator
		{CBA5596A-6E51-44E7-BA10-3ED4583A72A1}.Release|x86.ActiveCfg = Release|iPhoneSimulator
		{FAD2967D-3375-45EB-A21B-6E763A7A0BA5}.Debug|Any CPU.ActiveCfg = Debug|Any CPU
		{FAD2967D-3375-45EB-A21B-6E763A7A0BA5}.Debug|Any CPU.Build.0 = Debug|Any CPU
		{FAD2967D-3375-45EB-A21B-6E763A7A0BA5}.Debug|Any CPU.Deploy.0 = Debug|Any CPU
		{FAD2967D-3375-45EB-A21B-6E763A7A0BA5}.Debug|ARM.ActiveCfg = Debug|ARM
		{FAD2967D-3375-45EB-A21B-6E763A7A0BA5}.Debug|ARM.Build.0 = Debug|ARM
		{FAD2967D-3375-45EB-A21B-6E763A7A0BA5}.Debug|ARM.Deploy.0 = Debug|ARM
		{FAD2967D-3375-45EB-A21B-6E763A7A0BA5}.Debug|iPhone.ActiveCfg = Debug|Any CPU
		{FAD2967D-3375-45EB-A21B-6E763A7A0BA5}.Debug|iPhone.Build.0 = Debug|Any CPU
		{FAD2967D-3375-45EB-A21B-6E763A7A0BA5}.Debug|iPhone.Deploy.0 = Debug|Any CPU
		{FAD2967D-3375-45EB-A21B-6E763A7A0BA5}.Debug|iPhoneSimulator.ActiveCfg = Debug|Any CPU
		{FAD2967D-3375-45EB-A21B-6E763A7A0BA5}.Debug|iPhoneSimulator.Build.0 = Debug|Any CPU
		{FAD2967D-3375-45EB-A21B-6E763A7A0BA5}.Debug|iPhoneSimulator.Deploy.0 = Debug|Any CPU
		{FAD2967D-3375-45EB-A21B-6E763A7A0BA5}.Debug|x64.ActiveCfg = Debug|x64
		{FAD2967D-3375-45EB-A21B-6E763A7A0BA5}.Debug|x64.Build.0 = Debug|x64
		{FAD2967D-3375-45EB-A21B-6E763A7A0BA5}.Debug|x64.Deploy.0 = Debug|x64
		{FAD2967D-3375-45EB-A21B-6E763A7A0BA5}.Debug|x86.ActiveCfg = Debug|x86
		{FAD2967D-3375-45EB-A21B-6E763A7A0BA5}.Debug|x86.Build.0 = Debug|x86
		{FAD2967D-3375-45EB-A21B-6E763A7A0BA5}.Debug|x86.Deploy.0 = Debug|x86
		{FAD2967D-3375-45EB-A21B-6E763A7A0BA5}.Release|Any CPU.ActiveCfg = Release|Any CPU
		{FAD2967D-3375-45EB-A21B-6E763A7A0BA5}.Release|Any CPU.Build.0 = Release|Any CPU
		{FAD2967D-3375-45EB-A21B-6E763A7A0BA5}.Release|Any CPU.Deploy.0 = Release|Any CPU
		{FAD2967D-3375-45EB-A21B-6E763A7A0BA5}.Release|ARM.ActiveCfg = Release|ARM
		{FAD2967D-3375-45EB-A21B-6E763A7A0BA5}.Release|ARM.Build.0 = Release|ARM
		{FAD2967D-3375-45EB-A21B-6E763A7A0BA5}.Release|ARM.Deploy.0 = Release|ARM
		{FAD2967D-3375-45EB-A21B-6E763A7A0BA5}.Release|iPhone.ActiveCfg = Release|Any CPU
		{FAD2967D-3375-45EB-A21B-6E763A7A0BA5}.Release|iPhone.Build.0 = Release|Any CPU
		{FAD2967D-3375-45EB-A21B-6E763A7A0BA5}.Release|iPhone.Deploy.0 = Release|Any CPU
		{FAD2967D-3375-45EB-A21B-6E763A7A0BA5}.Release|iPhoneSimulator.ActiveCfg = Release|Any CPU
		{FAD2967D-3375-45EB-A21B-6E763A7A0BA5}.Release|iPhoneSimulator.Build.0 = Release|Any CPU
		{FAD2967D-3375-45EB-A21B-6E763A7A0BA5}.Release|iPhoneSimulator.Deploy.0 = Release|Any CPU
		{FAD2967D-3375-45EB-A21B-6E763A7A0BA5}.Release|x64.ActiveCfg = Release|x64
		{FAD2967D-3375-45EB-A21B-6E763A7A0BA5}.Release|x64.Build.0 = Release|x64
		{FAD2967D-3375-45EB-A21B-6E763A7A0BA5}.Release|x64.Deploy.0 = Release|x64
		{FAD2967D-3375-45EB-A21B-6E763A7A0BA5}.Release|x86.ActiveCfg = Release|x86
		{FAD2967D-3375-45EB-A21B-6E763A7A0BA5}.Release|x86.Build.0 = Release|x86
		{FAD2967D-3375-45EB-A21B-6E763A7A0BA5}.Release|x86.Deploy.0 = Release|x86
		{01EDD48E-EB27-4F9A-9C7E-90516FCD6205}.Debug|Any CPU.ActiveCfg = Debug|Any CPU
		{01EDD48E-EB27-4F9A-9C7E-90516FCD6205}.Debug|Any CPU.Build.0 = Debug|Any CPU
		{01EDD48E-EB27-4F9A-9C7E-90516FCD6205}.Debug|Any CPU.Deploy.0 = Debug|Any CPU
		{01EDD48E-EB27-4F9A-9C7E-90516FCD6205}.Debug|ARM.ActiveCfg = Debug|ARM
		{01EDD48E-EB27-4F9A-9C7E-90516FCD6205}.Debug|ARM.Build.0 = Debug|ARM
		{01EDD48E-EB27-4F9A-9C7E-90516FCD6205}.Debug|ARM.Deploy.0 = Debug|ARM
		{01EDD48E-EB27-4F9A-9C7E-90516FCD6205}.Debug|iPhone.ActiveCfg = Debug|Any CPU
		{01EDD48E-EB27-4F9A-9C7E-90516FCD6205}.Debug|iPhone.Build.0 = Debug|Any CPU
		{01EDD48E-EB27-4F9A-9C7E-90516FCD6205}.Debug|iPhone.Deploy.0 = Debug|Any CPU
		{01EDD48E-EB27-4F9A-9C7E-90516FCD6205}.Debug|iPhoneSimulator.ActiveCfg = Debug|Any CPU
		{01EDD48E-EB27-4F9A-9C7E-90516FCD6205}.Debug|iPhoneSimulator.Build.0 = Debug|Any CPU
		{01EDD48E-EB27-4F9A-9C7E-90516FCD6205}.Debug|iPhoneSimulator.Deploy.0 = Debug|Any CPU
		{01EDD48E-EB27-4F9A-9C7E-90516FCD6205}.Debug|x64.ActiveCfg = Debug|Any CPU
		{01EDD48E-EB27-4F9A-9C7E-90516FCD6205}.Debug|x64.Build.0 = Debug|Any CPU
		{01EDD48E-EB27-4F9A-9C7E-90516FCD6205}.Debug|x64.Deploy.0 = Debug|Any CPU
		{01EDD48E-EB27-4F9A-9C7E-90516FCD6205}.Debug|x86.ActiveCfg = Debug|x86
		{01EDD48E-EB27-4F9A-9C7E-90516FCD6205}.Debug|x86.Build.0 = Debug|x86
		{01EDD48E-EB27-4F9A-9C7E-90516FCD6205}.Debug|x86.Deploy.0 = Debug|x86
		{01EDD48E-EB27-4F9A-9C7E-90516FCD6205}.Release|Any CPU.ActiveCfg = Release|Any CPU
		{01EDD48E-EB27-4F9A-9C7E-90516FCD6205}.Release|Any CPU.Build.0 = Release|Any CPU
		{01EDD48E-EB27-4F9A-9C7E-90516FCD6205}.Release|Any CPU.Deploy.0 = Release|Any CPU
		{01EDD48E-EB27-4F9A-9C7E-90516FCD6205}.Release|ARM.ActiveCfg = Release|ARM
		{01EDD48E-EB27-4F9A-9C7E-90516FCD6205}.Release|ARM.Build.0 = Release|ARM
		{01EDD48E-EB27-4F9A-9C7E-90516FCD6205}.Release|ARM.Deploy.0 = Release|ARM
		{01EDD48E-EB27-4F9A-9C7E-90516FCD6205}.Release|iPhone.ActiveCfg = Release|Any CPU
		{01EDD48E-EB27-4F9A-9C7E-90516FCD6205}.Release|iPhone.Build.0 = Release|Any CPU
		{01EDD48E-EB27-4F9A-9C7E-90516FCD6205}.Release|iPhone.Deploy.0 = Release|Any CPU
		{01EDD48E-EB27-4F9A-9C7E-90516FCD6205}.Release|iPhoneSimulator.ActiveCfg = Release|Any CPU
		{01EDD48E-EB27-4F9A-9C7E-90516FCD6205}.Release|iPhoneSimulator.Build.0 = Release|Any CPU
		{01EDD48E-EB27-4F9A-9C7E-90516FCD6205}.Release|iPhoneSimulator.Deploy.0 = Release|Any CPU
		{01EDD48E-EB27-4F9A-9C7E-90516FCD6205}.Release|x64.ActiveCfg = Release|Any CPU
		{01EDD48E-EB27-4F9A-9C7E-90516FCD6205}.Release|x64.Build.0 = Release|Any CPU
		{01EDD48E-EB27-4F9A-9C7E-90516FCD6205}.Release|x64.Deploy.0 = Release|Any CPU
		{01EDD48E-EB27-4F9A-9C7E-90516FCD6205}.Release|x86.ActiveCfg = Release|x86
		{01EDD48E-EB27-4F9A-9C7E-90516FCD6205}.Release|x86.Build.0 = Release|x86
		{01EDD48E-EB27-4F9A-9C7E-90516FCD6205}.Release|x86.Deploy.0 = Release|x86
	EndGlobalSection
	GlobalSection(SolutionProperties) = preSolution
		HideSolutionNode = FALSE
	EndGlobalSection
	GlobalSection(NestedProjects) = preSolution
		{B17864E2-6AA8-46D9-9458-DD189E92DED5} = {D51F228F-5FBC-4956-A3AE-660F845FB5B1}
		{FAD2967D-3375-45EB-A21B-6E763A7A0BA5} = {D51F228F-5FBC-4956-A3AE-660F845FB5B1}
		{01EDD48E-EB27-4F9A-9C7E-90516FCD6205} = {D51F228F-5FBC-4956-A3AE-660F845FB5B1}
	EndGlobalSection
EndGlobal
